
Microsoft Visual Studio Solution File, Format Version 12.00
# Visual Studio Version 17
VisualStudioVersion = 17.12.35527.113
MinimumVisualStudioVersion = 10.0.40219.1
Project("{FAE04EC0-301F-11D3-BF4B-00C04F79EFBC}") = "Existence", "Existence\Existence.csproj", "{366F7AAE-9655-4EF4-834A-362DBEEE13D8}"
EndProject
Project("{FAE04EC0-301F-11D3-BF4B-00C04F79EFBC}") = "HelloWorldHuman", "HelloWorldHuman\HelloWorldHuman.csproj", "{92CF3A29-EB9D-4864-A3C8-672FB7DA03F1}"
EndProject
Project("{FAE04EC0-301F-11D3-BF4B-00C04F79EFBC}") = "RubixLibrary", "RubixLibrary\RubixLibrary.csproj", "{171FE1CA-5442-4A4D-8389-0A0C17C7EAC6}"
EndProject
Project("{FAE04EC0-301F-11D3-BF4B-00C04F79EFBC}") = "Tests", "Tests\Tests.csproj", "{A829FF90-8DD2-4F83-ADA3-29FCED425FF3}"
EndProject
Project("{FAE04EC0-301F-11D3-BF4B-00C04F79EFBC}") = "HelloWorldComputer", "HelloWorldComputer\HelloWorldComputer.csproj", "{27985E95-6F6E-4A9B-88A8-B81B2626FD9E}"
EndProject
Project("{FAE04EC0-301F-11D3-BF4B-00C04F79EFBC}") = "DatabasePopulator", "Existence\Personal\YouTubeChannel\DatabasePopulator\DatabasePopulator.csproj", "{B77D80B3-5A1B-4D9A-BFF2-8FD3A4153738}"
EndProject
Project("{FAE04EC0-301F-11D3-BF4B-00C04F79EFBC}") = "LocalDeployer", "Existence\Personal\YouTubeChannel\LocalDeployer\LocalDeployer.csproj", "{B4DE2D99-94DB-425E-9337-FE8CC3574D3C}"
EndProject
Global
	GlobalSection(SolutionConfigurationPlatforms) = preSolution
		Debug|Any CPU = Debug|Any CPU
		Release|Any CPU = Release|Any CPU
	EndGlobalSection
	GlobalSection(ProjectConfigurationPlatforms) = postSolution
		{366F7AAE-9655-4EF4-834A-362DBEEE13D8}.Debug|Any CPU.ActiveCfg = Debug|Any CPU
		{366F7AAE-9655-4EF4-834A-362DBEEE13D8}.Debug|Any CPU.Build.0 = Debug|Any CPU
		{366F7AAE-9655-4EF4-834A-362DBEEE13D8}.Release|Any CPU.ActiveCfg = Release|Any CPU
		{366F7AAE-9655-4EF4-834A-362DBEEE13D8}.Release|Any CPU.Build.0 = Release|Any CPU
		{92CF3A29-EB9D-4864-A3C8-672FB7DA03F1}.Debug|Any CPU.ActiveCfg = Debug|Any CPU
		{92CF3A29-EB9D-4864-A3C8-672FB7DA03F1}.Debug|Any CPU.Build.0 = Debug|Any CPU
		{92CF3A29-EB9D-4864-A3C8-672FB7DA03F1}.Release|Any CPU.ActiveCfg = Release|Any CPU
		{92CF3A29-EB9D-4864-A3C8-672FB7DA03F1}.Release|Any CPU.Build.0 = Release|Any CPU
		{171FE1CA-5442-4A4D-8389-0A0C17C7EAC6}.Debug|Any CPU.ActiveCfg = Debug|Any CPU
		{171FE1CA-5442-4A4D-8389-0A0C17C7EAC6}.Debug|Any CPU.Build.0 = Debug|Any CPU
		{171FE1CA-5442-4A4D-8389-0A0C17C7EAC6}.Release|Any CPU.ActiveCfg = Release|Any CPU
		{171FE1CA-5442-4A4D-8389-0A0C17C7EAC6}.Release|Any CPU.Build.0 = Release|Any CPU
		{A829FF90-8DD2-4F83-ADA3-29FCED425FF3}.Debug|Any CPU.ActiveCfg = Debug|Any CPU
		{A829FF90-8DD2-4F83-ADA3-29FCED425FF3}.Debug|Any CPU.Build.0 = Debug|Any CPU
		{A829FF90-8DD2-4F83-ADA3-29FCED425FF3}.Release|Any CPU.ActiveCfg = Release|Any CPU
		{A829FF90-8DD2-4F83-ADA3-29FCED425FF3}.Release|Any CPU.Build.0 = Release|Any CPU
		{27985E95-6F6E-4A9B-88A8-B81B2626FD9E}.Debug|Any CPU.ActiveCfg = Debug|Any CPU
		{27985E95-6F6E-4A9B-88A8-B81B2626FD9E}.Debug|Any CPU.Build.0 = Debug|Any CPU
		{27985E95-6F6E-4A9B-88A8-B81B2626FD9E}.Release|Any CPU.ActiveCfg = Release|Any CPU
		{27985E95-6F6E-4A9B-88A8-B81B2626FD9E}.Release|Any CPU.Build.0 = Release|Any CPU
		{B77D80B3-5A1B-4D9A-BFF2-8FD3A4153738}.Debug|Any CPU.ActiveCfg = Debug|Any CPU
		{B77D80B3-5A1B-4D9A-BFF2-8FD3A4153738}.Debug|Any CPU.Build.0 = Debug|Any CPU
		{B77D80B3-5A1B-4D9A-BFF2-8FD3A4153738}.Release|Any CPU.ActiveCfg = Release|Any CPU
		{B77D80B3-5A1B-4D9A-BFF2-8FD3A4153738}.Release|Any CPU.Build.0 = Release|Any CPU
		{B4DE2D99-94DB-425E-9337-FE8CC3574D3C}.Debug|Any CPU.ActiveCfg = Debug|Any CPU
		{B4DE2D99-94DB-425E-9337-FE8CC3574D3C}.Debug|Any CPU.Build.0 = Debug|Any CPU
		{B4DE2D99-94DB-425E-9337-FE8CC3574D3C}.Release|Any CPU.ActiveCfg = Release|Any CPU
		{B4DE2D99-94DB-425E-9337-FE8CC3574D3C}.Release|Any CPU.Build.0 = Release|Any CPU
	EndGlobalSection
	GlobalSection(SolutionProperties) = preSolution
		HideSolutionNode = FALSE
	EndGlobalSection
	GlobalSection(NestedProjects) = preSolution
		{B77D80B3-5A1B-4D9A-BFF2-8FD3A4153738} = {3B063C9A-92D4-4CE8-874E-D598A031A0B4}
		{B4DE2D99-94DB-425E-9337-FE8CC3574D3C} = {3B063C9A-92D4-4CE8-874E-D598A031A0B4}
	EndGlobalSection
EndGlobal
