
Microsoft Visual Studio Solution File, Format Version 12.00
# Visual Studio Version 17
VisualStudioVersion = 17.12.35527.113
MinimumVisualStudioVersion = 10.0.40219.1
Project("{FAE04EC0-301F-11D3-BF4B-00C04F79EFBC}") = "RubixLibrary", "Libraries\RubixLibrary\RubixLibrary.csproj", "{171FE1CA-5442-4A4D-8389-0A0C17C7EAC6}"
EndProject
Project("{FAE04EC0-301F-11D3-BF4B-00C04F79EFBC}") = "NationalFootballLeagueLibrary", "Libraries\NationalFootballLeagueLibrary\NationalFootballLeagueLibrary.csproj", "{B56799B2-50E0-4B93-9B6C-60612C5C19B0}"
EndProject
Project("{FAE04EC0-301F-11D3-BF4B-00C04F79EFBC}") = "LibraryConsoleApp", "Libraries\LibraryConsoleApp\LibraryConsoleApp.csproj", "{818866E8-B06E-4FDB-81AC-48694EA60852}"
EndProject
Project("{FAE04EC0-301F-11D3-BF4B-00C04F79EFBC}") = "LibraryShared", "libraries\LibraryShared\LibraryShared.csproj", "{04B30851-844C-4089-86DE-1373C8226898}"
EndProject
Global
	GlobalSection(SolutionConfigurationPlatforms) = preSolution
		Debug|Any CPU = Debug|Any CPU
		Release|Any CPU = Release|Any CPU
	EndGlobalSection
	GlobalSection(ProjectConfigurationPlatforms) = postSolution
		{171FE1CA-5442-4A4D-8389-0A0C17C7EAC6}.Debug|Any CPU.ActiveCfg = Debug|Any CPU
		{171FE1CA-5442-4A4D-8389-0A0C17C7EAC6}.Debug|Any CPU.Build.0 = Debug|Any CPU
		{171FE1CA-5442-4A4D-8389-0A0C17C7EAC6}.Release|Any CPU.ActiveCfg = Release|Any CPU
		{171FE1CA-5442-4A4D-8389-0A0C17C7EAC6}.Release|Any CPU.Build.0 = Release|Any CPU
		{B56799B2-50E0-4B93-9B6C-60612C5C19B0}.Debug|Any CPU.ActiveCfg = Debug|Any CPU
		{B56799B2-50E0-4B93-9B6C-60612C5C19B0}.Debug|Any CPU.Build.0 = Debug|Any CPU
		{B56799B2-50E0-4B93-9B6C-60612C5C19B0}.Release|Any CPU.ActiveCfg = Release|Any CPU
		{B56799B2-50E0-4B93-9B6C-60612C5C19B0}.Release|Any CPU.Build.0 = Release|Any CPU
		{818866E8-B06E-4FDB-81AC-48694EA60852}.Debug|Any CPU.ActiveCfg = Debug|Any CPU
		{818866E8-B06E-4FDB-81AC-48694EA60852}.Debug|Any CPU.Build.0 = Debug|Any CPU
		{818866E8-B06E-4FDB-81AC-48694EA60852}.Release|Any CPU.ActiveCfg = Release|Any CPU
		{818866E8-B06E-4FDB-81AC-48694EA60852}.Release|Any CPU.Build.0 = Release|Any CPU
		{04B30851-844C-4089-86DE-1373C8226898}.Debug|Any CPU.ActiveCfg = Debug|Any CPU
		{04B30851-844C-4089-86DE-1373C8226898}.Debug|Any CPU.Build.0 = Debug|Any CPU
		{04B30851-844C-4089-86DE-1373C8226898}.Release|Any CPU.ActiveCfg = Release|Any CPU
		{04B30851-844C-4089-86DE-1373C8226898}.Release|Any CPU.Build.0 = Release|Any CPU
	EndGlobalSection
	GlobalSection(SolutionProperties) = preSolution
		HideSolutionNode = FALSE
	EndGlobalSection
EndGlobal
